OH_MY_ZSH_REF=b54a71977574cfcf659cc2f15a5e6422f17a8da7
POWERLEVEL10K_REF=3308262dfbd743b6e1d3956a2b5572f7a049d692
ZSH_AUTOSUGGESTIONS_REF=85919cd1ffa7d2d5412f6d3fe437ebdbeeec4fc5
FAST_SYNTAX_HIGHLIGHTING_REF=3d574ccf48804b10dca52625df13da5edae7f553
ZSH_COMPLETIONS_REF=2798b16c74f80cda2094cfed4516db8048d3e6ca
FZF_TAB_REF=24105b15714bfec37989ed5c5b6e60f572253019
HISTORY_SUBSTRING_SEARCH_REF=14c8d2e0ffaee98f2df9850b19944f32546fdea5
YOU_SHOULD_USE_REF=5f3d129864ee4505043d88c3486224f1d75b692e
